PODS:
  - RVColorPickerPopover (0.1.0)

DEPENDENCIES:
  - RVColorPickerPopover (from `../`)

EXTERNAL SOURCES:
  RVColorPickerPopover:
    :path: "../"

SPEC CHECKSUMS:
  RVColorPickerPopover: 5c3ca7e16a0ae02f71d2c7cf22c8044111d60ca2

PODFILE CHECKSUM: fdca5c49f4a10d91b540b848a0268356e5a82433

COCOAPODS: 1.11.3
